<?xml version="1.0" encoding="utf-8"?>
<Project ToolsVersion="4.0" xmlns="http://schemas.microsoft.com/developer/msbuild/2003">
  <ItemGroup>
    <Filter Include="include">
      <UniqueIdentifier>{f9b24592-f588-412a-846f-48a7b9386149}</UniqueIdentifier>
    </Filter>
    <Filter Include="lib">
      <UniqueIdentifier>{f1da0260-c984-4f14-ae55-ce1ba7077144}</UniqueIdentifier>
    </Filter>
    <Filter Include="src">
      <UniqueIdentifier>{c421de08-8619-4701-8c55-7781976be0b1}</UniqueIdentifier>
    </Filter>
    <Filter Include="test">
      <UniqueIdentifier>{f3605209-ef21-4f89-80bd-4aeb22d17283}</UniqueIdentifier>
    </Filter>
    <Filter Include="lib\utility">
      <UniqueIdentifier>{23da118b-f29e-4d78-8d6f-0453901f3743}</UniqueIdentifier>
    </Filter>
    <Filter Include="lib\IO">
      <UniqueIdentifier>{755a44bb-a42e-498f-8869-2b413cc9c74d}</UniqueIdentifier>
    </Filter>
    <Filter Include="lib\utility\include">
      <UniqueIdentifier>{5c5e01fe-cbbb-451d-ae5e-62bbb468856e}</UniqueIdentifier>
    </Filter>
    <Filter Include="lib\utility\src">
      <UniqueIdentifier>{35450396-074c-4ad5-9c2e-fc9a41695ebd}</UniqueIdentifier>
    </Filter>
    <Filter Include="include\Genotype">
      <UniqueIdentifier>{50d45d96-1786-40ba-90f5-e5b1ae378364}</UniqueIdentifier>
    </Filter>
    <Filter Include="include\Phenotype">
      <UniqueIdentifier>{f99ff2ff-24f0-414c-ba72-9f82cb7af142}</UniqueIdentifier>
    </Filter>
    <Filter Include="include\Evolution">
      <UniqueIdentifier>{aed6754c-09f3-4503-a37e-fa4e5cb12a31}</UniqueIdentifier>
    </Filter>
    <Filter Include="include\Decoding">
      <UniqueIdentifier>{6f2b400f-160a-44c7-a66d-349c7658614c}</UniqueIdentifier>
    </Filter>
    <Filter Include="src\Evolution">
      <UniqueIdentifier>{e3748bda-b1f7-4e11-abf7-fcff7aa0ac87}</UniqueIdentifier>
    </Filter>
    <Filter Include="src\Decoding">
      <UniqueIdentifier>{498a1b6e-2db1-4add-aa7b-4348653c64d3}</UniqueIdentifier>
    </Filter>
    <Filter Include="src\Phenotype">
      <UniqueIdentifier>{f9c08c88-07ca-42e7-a3bb-8fb4be242505}</UniqueIdentifier>
    </Filter>
    <Filter Include="src\Helper">
      <UniqueIdentifier>{66bc9693-0223-4a65-9eb7-00e66fe7ce93}</UniqueIdentifier>
    </Filter>
    <Filter Include="src\Genotype">
      <UniqueIdentifier>{3b2c874b-ae09-4e86-aa76-14477b8d65d3}</UniqueIdentifier>
    </Filter>
  </ItemGroup>
  <ItemGroup>
    <ClCompile Include="test\main.cpp">
      <Filter>test</Filter>
    </ClCompile>
    <ClCompile Include="lib\IO\IO.cpp">
      <Filter>lib\IO</Filter>
    </ClCompile>
    <ClCompile Include="lib\utility\src\fixed_vector.cpp">
      <Filter>lib\utility\src</Filter>
    </ClCompile>
    <ClCompile Include="lib\utility\src\various.cpp">
      <Filter>lib\utility\src</Filter>
    </ClCompile>
    <ClCompile Include="src\vrntzt_global.cpp">
      <Filter>src</Filter>
    </ClCompile>
    <ClCompile Include="src\Decoding\Simplistic_Decoder.cpp">
      <Filter>src\Decoding</Filter>
    </ClCompile>
    <ClCompile Include="src\Phenotype\Simple_Phenotype.cpp">
      <Filter>src\Phenotype</Filter>
    </ClCompile>
    <ClCompile Include="src\Phenotype\Simplistic_Phenotype.cpp">
      <Filter>src\Phenotype</Filter>
    </ClCompile>
    <ClCompile Include="src\Helper\simple_helper.cpp">
      <Filter>src\Helper</Filter>
    </ClCompile>
    <ClCompile Include="src\Genotype\Simple_Genotype.cpp">
      <Filter>src\Genotype</Filter>
    </ClCompile>
    <ClCompile Include="src\Genotype\Simplistic_Genotype.cpp">
      <Filter>src\Genotype</Filter>
    </ClCompile>
  </ItemGroup>
  <ItemGroup>
    <ClInclude Include="lib\IO\IO.hpp">
      <Filter>lib\IO</Filter>
    </ClInclude>
    <ClInclude Include="lib\utility\include\fixed_vector.hpp">
      <Filter>lib\utility\include</Filter>
    </ClInclude>
    <ClInclude Include="lib\utility\include\has_member.hpp">
      <Filter>lib\utility\include</Filter>
    </ClInclude>
    <ClInclude Include="lib\utility\include\interface.hpp">
      <Filter>lib\utility\include</Filter>
    </ClInclude>
    <ClInclude Include="lib\utility\include\trivial_typedefs.hpp">
      <Filter>lib\utility\include</Filter>
    </ClInclude>
    <ClInclude Include="lib\utility\include\various.hpp">
      <Filter>lib\utility\include</Filter>
    </ClInclude>
    <ClInclude Include="lib\utility\empty_header.hpp">
      <Filter>lib\utility</Filter>
    </ClInclude>
    <ClInclude Include="include\Generic_Genome.hpp">
      <Filter>include</Filter>
    </ClInclude>
    <ClInclude Include="include\vrntzt_global.hpp">
      <Filter>include</Filter>
    </ClInclude>
    <ClInclude Include="include\Genotype\IGenotype.hpp">
      <Filter>include\Genotype</Filter>
    </ClInclude>
    <ClInclude Include="include\Genotype\Simple_Genotype.hpp">
      <Filter>include\Genotype</Filter>
    </ClInclude>
    <ClInclude Include="include\Genotype\Simplistic_Genotype.hpp">
      <Filter>include\Genotype</Filter>
    </ClInclude>
    <ClInclude Include="include\Evolution\Neat_Evolution_Manager.hpp">
      <Filter>include\Evolution</Filter>
    </ClInclude>
    <ClInclude Include="include\Decoding\Decoder.hpp">
      <Filter>include\Decoding</Filter>
    </ClInclude>
    <ClInclude Include="include\Decoding\Simplistic_Decoder.hpp">
      <Filter>include\Decoding</Filter>
    </ClInclude>
    <ClInclude Include="include\Phenotype\IPhenotype.hpp">
      <Filter>include\Phenotype</Filter>
    </ClInclude>
    <ClInclude Include="include\Phenotype\Simple_Phenotype.hpp">
      <Filter>include\Phenotype</Filter>
    </ClInclude>
    <ClInclude Include="include\Phenotype\Simplistic_Phenotype.hpp">
      <Filter>include\Phenotype</Filter>
    </ClInclude>
    <ClInclude Include="src\vrntzt_concepts.hpp">
      <Filter>src</Filter>
    </ClInclude>
    <ClInclude Include="src\Helper\simple_helper.hpp">
      <Filter>src\Helper</Filter>
    </ClInclude>
    <ClInclude Include="src\Helper\Species.hpp">
      <Filter>src\Helper</Filter>
    </ClInclude>
  </ItemGroup>
  <ItemGroup>
    <None Include="lib\utility\src\has_member.tpp">
      <Filter>lib\utility\src</Filter>
    </None>
    <None Include="src\Decoding\Decoder.tpp">
      <Filter>src\Decoding</Filter>
    </None>
    <None Include="src\Evolution\Neat_Evolution_Manager.tpp">
      <Filter>src\Evolution</Filter>
    </None>
    <None Include="src\Helper\Species.tpp">
      <Filter>src\Helper</Filter>
    </None>
  </ItemGroup>
</Project>