<?xml version="1.0" encoding="utf-8"?>
<Project ToolsVersion="4.0" xmlns="http://schemas.microsoft.com/developer/msbuild/2003">
  <ItemGroup>
    <Filter Include="src">
      <UniqueIdentifier>{46cac209-2d93-4462-b8a5-9ee26429f4e6}</UniqueIdentifier>
    </Filter>
    <Filter Include="include">
      <UniqueIdentifier>{ab8393f3-20fa-42c6-98d7-bfd481af09e6}</UniqueIdentifier>
    </Filter>
    <Filter Include="lib">
      <UniqueIdentifier>{de13e43d-1f02-41f0-b178-7a3c4ba37b9a}</UniqueIdentifier>
    </Filter>
    <Filter Include="test">
      <UniqueIdentifier>{531d6da0-800e-4ffd-b5ba-bcff4f206488}</UniqueIdentifier>
    </Filter>
    <Filter Include="lib\utility">
      <UniqueIdentifier>{30dde7f8-9fef-4338-a56f-38d58806aba4}</UniqueIdentifier>
    </Filter>
    <Filter Include="lib\IO">
      <UniqueIdentifier>{7d2e0172-d677-4fd3-b649-910174ba2274}</UniqueIdentifier>
    </Filter>
    <Filter Include="lib\utility\include">
      <UniqueIdentifier>{919f0e40-c203-4b19-a049-c3f2abece8cd}</UniqueIdentifier>
    </Filter>
    <Filter Include="include\Decoding">
      <UniqueIdentifier>{2750dcdc-ad56-4074-81a7-dc62d5e749a0}</UniqueIdentifier>
    </Filter>
    <Filter Include="include\Genomes">
      <UniqueIdentifier>{223e05b3-af72-45fa-8d20-4aa544b73435}</UniqueIdentifier>
    </Filter>
    <Filter Include="include\Phenomes">
      <UniqueIdentifier>{59ae3ce4-132c-4e44-b881-7568022e7996}</UniqueIdentifier>
    </Filter>
    <Filter Include="src\Decoding">
      <UniqueIdentifier>{ecfe0f2e-837f-4f96-aa1c-9fd44f032194}</UniqueIdentifier>
    </Filter>
    <Filter Include="src\Genomes">
      <UniqueIdentifier>{8333da7f-499b-4b6f-8ad0-10f93ce98599}</UniqueIdentifier>
    </Filter>
    <Filter Include="src\Phenomes">
      <UniqueIdentifier>{d6cb9e49-6fff-49b8-b071-78fbf8daa802}</UniqueIdentifier>
    </Filter>
    <Filter Include="lib\utility\src">
      <UniqueIdentifier>{27b26f97-2db4-46d6-95d8-7d64f3c9a92a}</UniqueIdentifier>
    </Filter>
    <Filter Include="include\Helper">
      <UniqueIdentifier>{00133602-67e8-4f4c-a7c0-2bc0ac30dc73}</UniqueIdentifier>
    </Filter>
    <Filter Include="src\Helper">
      <UniqueIdentifier>{979143e6-2724-462d-aa00-3b157091a415}</UniqueIdentifier>
    </Filter>
    <Filter Include="include\Evolution">
      <UniqueIdentifier>{f0dd25c9-2817-4855-a277-1bd1d58d79bb}</UniqueIdentifier>
    </Filter>
    <Filter Include="src\Evolution">
      <UniqueIdentifier>{d5e8b029-7f12-4831-9c87-ae8b117cd2ff}</UniqueIdentifier>
    </Filter>
  </ItemGroup>
  <ItemGroup>
    <ClCompile Include="test\main.cpp">
      <Filter>test</Filter>
    </ClCompile>
    <ClCompile Include="src\Genomes\Simple_Genotype.cpp">
      <Filter>src\Genomes</Filter>
    </ClCompile>
    <ClCompile Include="src\Genomes\Simplistic_Genotype.cpp">
      <Filter>src\Genomes</Filter>
    </ClCompile>
    <ClCompile Include="src\Phenomes\Simple_Phenotype.cpp">
      <Filter>src\Phenomes</Filter>
    </ClCompile>
    <ClCompile Include="src\Phenomes\Simplistic_Phenotype.cpp">
      <Filter>src\Phenomes</Filter>
    </ClCompile>
    <ClCompile Include="lib\utility\src\fixed_vector.cpp">
      <Filter>lib\utility\src</Filter>
    </ClCompile>
    <ClCompile Include="lib\IO\IO.cpp">
      <Filter>lib\IO</Filter>
    </ClCompile>
    <ClCompile Include="src\Helper\simple_helper.cpp">
      <Filter>src\Helper</Filter>
    </ClCompile>
    <ClCompile Include="src\Decoding\Simplistic_Decoder.cpp">
      <Filter>src\Decoding</Filter>
    </ClCompile>
    <ClCompile Include="lib\utility\src\various.cpp">
      <Filter>lib\utility\src</Filter>
    </ClCompile>
    <ClCompile Include="src\vrntzt_global.cpp">
      <Filter>src</Filter>
    </ClCompile>
  </ItemGroup>
  <ItemGroup>
    <ClInclude Include="lib\IO\IO.hpp">
      <Filter>lib\IO</Filter>
    </ClInclude>
    <ClInclude Include="include\Generic_Genome.hpp">
      <Filter>include</Filter>
    </ClInclude>
    <ClInclude Include="src\vrntzt_concepts.hpp">
      <Filter>src</Filter>
    </ClInclude>
    <ClInclude Include="lib\utility\include\has_member.hpp">
      <Filter>lib\utility\include</Filter>
    </ClInclude>
    <ClInclude Include="lib\utility\include\various.hpp">
      <Filter>lib\utility\include</Filter>
    </ClInclude>
    <ClInclude Include="include\Decoding\Decoder.hpp">
      <Filter>include\Decoding</Filter>
    </ClInclude>
    <ClInclude Include="include\Genomes\IGenotype.hpp">
      <Filter>include\Genomes</Filter>
    </ClInclude>
    <ClInclude Include="include\Genomes\Simple_Genotype.hpp">
      <Filter>include\Genomes</Filter>
    </ClInclude>
    <ClInclude Include="include\Genomes\Simplistic_Genotype.hpp">
      <Filter>include\Genomes</Filter>
    </ClInclude>
    <ClInclude Include="include\Phenomes\IPhenotype.hpp">
      <Filter>include\Phenomes</Filter>
    </ClInclude>
    <ClInclude Include="include\Phenomes\Simple_Phenotype.hpp">
      <Filter>include\Phenomes</Filter>
    </ClInclude>
    <ClInclude Include="include\Phenomes\Simplistic_Phenotype.hpp">
      <Filter>include\Phenomes</Filter>
    </ClInclude>
    <ClInclude Include="lib\utility\include\trivial_typedefs.hpp">
      <Filter>lib\utility\include</Filter>
    </ClInclude>
    <ClInclude Include="include\vrntzt_global.hpp">
      <Filter>include</Filter>
    </ClInclude>
    <ClInclude Include="lib\utility\include\fixed_vector.hpp">
      <Filter>lib\utility\include</Filter>
    </ClInclude>
    <ClInclude Include="include\Helper\simple_helper.hpp">
      <Filter>include\Helper</Filter>
    </ClInclude>
    <ClInclude Include="include\Decoding\Simplistic_Decoder.hpp">
      <Filter>include\Decoding</Filter>
    </ClInclude>
    <ClInclude Include="include\Evolution\Neat_Evolution_Manager.hpp">
      <Filter>include\Evolution</Filter>
    </ClInclude>
  </ItemGroup>
  <ItemGroup>
    <None Include="src\Decoding\Decoder.tpp">
      <Filter>src\Decoding</Filter>
    </None>
    <None Include="lib\utility\src\has_member.tpp">
      <Filter>lib\utility\src</Filter>
    </None>
    <None Include="src\Evolution\Neat_Evolution_Manager.tpp">
      <Filter>src\Evolution</Filter>
    </None>
  </ItemGroup>
</Project>